{
  "name": "lesson4",
  "version": "1.0.0",
  "lockfileVersion": 1,
  "requires": true,
  "dependencies": {
    "dotenv": {
      "version": "4.0.0",
      "resolved": "http://registry.npm.taobao.org/dotenv/download/dotenv-4.0.0.tgz",
      "integrity": "sha1-hk7xN5rO1Vzm+V3r7NzhefegzR0="
    },
    "zeppelin-solidity": {
      "version": "1.5.0",
      "resolved": "http://registry.npm.taobao.org/zeppelin-solidity/download/zeppelin-solidity-1.5.0.tgz",
      "integrity": "sha1-3bbbmjesE9cwNYp0zwvZT6r1618=",
      "requires": {
        "dotenv": "4.0.0"
      }
    }
  }
}
